
Microsoft Visual Studio Solution File, Format Version 12.00
# Visual Studio Version 16
VisualStudioVersion = 16.0.29503.13
MinimumVisualStudioVersion = 10.0.40219.1
Project("{FAE04EC0-301F-11D3-BF4B-00C04F79EFBC}") = "CRUDByInfrastructure", "CRUDByInfrastructure\CRUDByInfrastructure.csproj", "{FB009236-7B1A-4928-8CA3-B808691E37DF}"
EndProject
Project("{FAE04EC0-301F-11D3-BF4B-00C04F79EFBC}") = "BusinessEntity", "BusinessEntity\BusinessEntity.csproj", "{017F1736-AB4A-43EE-9893-C1D1EADA6FF3}"
EndProject
Project("{FAE04EC0-301F-11D3-BF4B-00C04F79EFBC}") = "DataAccess", "DataAccess\DataAccess.csproj", "{751B3392-46DE-4224-B2E3-DB57BF917882}"
EndProject
Global
	GlobalSection(SolutionConfigurationPlatforms) = preSolution
		Debug|Any CPU = Debug|Any CPU
		Release|Any CPU = Release|Any CPU
	EndGlobalSection
	GlobalSection(ProjectConfigurationPlatforms) = postSolution
		{FB009236-7B1A-4928-8CA3-B808691E37DF}.Debug|Any CPU.ActiveCfg = Debug|Any CPU
		{FB009236-7B1A-4928-8CA3-B808691E37DF}.Debug|Any CPU.Build.0 = Debug|Any CPU
		{FB009236-7B1A-4928-8CA3-B808691E37DF}.Release|Any CPU.ActiveCfg = Release|Any CPU
		{FB009236-7B1A-4928-8CA3-B808691E37DF}.Release|Any CPU.Build.0 = Release|Any CPU
		{017F1736-AB4A-43EE-9893-C1D1EADA6FF3}.Debug|Any CPU.ActiveCfg = Debug|Any CPU
		{017F1736-AB4A-43EE-9893-C1D1EADA6FF3}.Debug|Any CPU.Build.0 = Debug|Any CPU
		{017F1736-AB4A-43EE-9893-C1D1EADA6FF3}.Release|Any CPU.ActiveCfg = Release|Any CPU
		{017F1736-AB4A-43EE-9893-C1D1EADA6FF3}.Release|Any CPU.Build.0 = Release|Any CPU
		{751B3392-46DE-4224-B2E3-DB57BF917882}.Debug|Any CPU.ActiveCfg = Debug|Any CPU
		{751B3392-46DE-4224-B2E3-DB57BF917882}.Debug|Any CPU.Build.0 = Debug|Any CPU
		{751B3392-46DE-4224-B2E3-DB57BF917882}.Release|Any CPU.ActiveCfg = Release|Any CPU
		{751B3392-46DE-4224-B2E3-DB57BF917882}.Release|Any CPU.Build.0 = Release|Any CPU
	EndGlobalSection
	GlobalSection(SolutionProperties) = preSolution
		HideSolutionNode = FALSE
	EndGlobalSection
	GlobalSection(ExtensibilityGlobals) = postSolution
		SolutionGuid = {A8937182-955D-4A2F-8499-ECBD08F90541}
	EndGlobalSection
EndGlobal
